# This file was autogenerated by uv via the following command:
#    uv pip compile --universal --python-version 3.12 Tools/ModelConversion/GPA/requirements.txt --output-file Tools/ModelConversion/GPA/requirements.lock
annotated-doc==0.0.4
    # via typer
anyio==4.14.2
    # via httpx
attrs==26.1.0
    # via
    #   cattrs
    #   coremltools
cattrs==26.1.0
    # via coremltools
certifi==2026.6.17
    # via
    #   httpcore
    #   httpx
    #   requests
charset-normalizer==3.4.9
    # via requests
colorama==0.4.6 ; sys_platform == 'win32'
    # via
    #   tqdm
    #   typer
contourpy==1.3.3
    # via matplotlib
coremltools==9.0
    # via -r Tools/ModelConversion/GPA/requirements.txt
cycler==0.12.1
    # via matplotlib
filelock==3.31.0
    # via
    #   huggingface-hub
    #   torch
fonttools==4.63.0
    # via matplotlib
fsspec==2026.6.0
    # via
    #   huggingface-hub
    #   torch
h11==0.16.0
    # via httpcore
hf-xet==1.5.2 ; platform_machine == 'AMD64' or platform_machine == 'aarch64' or platform_machine == 'amd64' or platform_machine == 'arm64' or platform_machine == 'x86_64'
    # via huggingface-hub
httpcore==1.0.9
    # via httpx
httpx==0.28.1
    # via huggingface-hub
huggingface-hub==1.4.0
    # via -r Tools/ModelConversion/GPA/requirements.txt
idna==3.18
    # via
    #   anyio
    #   httpx
    #   requests
jinja2==3.1.6
    # via torch
kiwisolver==1.5.0
    # via matplotlib
markdown-it-py==4.2.0
    # via rich
markupsafe==3.0.3
    # via jinja2
matplotlib==3.11.1
    # via ultralytics
mdurl==0.1.2
    # via markdown-it-py
mpmath==1.3.0
    # via sympy
networkx==3.6.1
    # via torch
numpy==1.26.4
    # via
    #   -r Tools/ModelConversion/GPA/requirements.txt
    #   contourpy
    #   coremltools
    #   matplotlib
    #   opencv-python
    #   torchvision
    #   ultralytics
    #   ultralytics-thop
nvidia-cublas-cu12==12.6.4.1 ; platform_machine == 'x86_64' and sys_platform == 'linux'
    # via
    #   nvidia-cudnn-cu12
    #   nvidia-cusolver-cu12
    #   torch
nvidia-cuda-cupti-cu12==12.6.80 ; platform_machine == 'x86_64' and sys_platform == 'linux'
    # via torch
nvidia-cuda-nvrtc-cu12==12.6.77 ; platform_machine == 'x86_64' and sys_platform == 'linux'
    # via torch
nvidia-cuda-runtime-cu12==12.6.77 ; platform_machine == 'x86_64' and sys_platform == 'linux'
    # via torch
nvidia-cudnn-cu12==9.5.1.17 ; platform_machine == 'x86_64' and sys_platform == 'linux'
    # via torch
nvidia-cufft-cu12==11.3.0.4 ; platform_machine == 'x86_64' and sys_platform == 'linux'
    # via torch
nvidia-cufile-cu12==1.11.1.6 ; platform_machine == 'x86_64' and sys_platform == 'linux'
    # via torch
nvidia-curand-cu12==10.3.7.77 ; platform_machine == 'x86_64' and sys_platform == 'linux'
    # via torch
nvidia-cusolver-cu12==11.7.1.2 ; platform_machine == 'x86_64' and sys_platform == 'linux'
    # via torch
nvidia-cusparse-cu12==12.5.4.2 ; platform_machine == 'x86_64' and sys_platform == 'linux'
    # via
    #   nvidia-cusolver-cu12
    #   torch
nvidia-cusparselt-cu12==0.6.3 ; platform_machine == 'x86_64' and sys_platform == 'linux'
    # via torch
nvidia-ml-py==13.610.43
    # via ultralytics
nvidia-nccl-cu12==2.26.2 ; platform_machine == 'x86_64' and sys_platform == 'linux'
    # via torch
nvidia-nvjitlink-cu12==12.6.85 ; platform_machine == 'x86_64' and sys_platform == 'linux'
    # via
    #   nvidia-cufft-cu12
    #   nvidia-cusolver-cu12
    #   nvidia-cusparse-cu12
    #   torch
nvidia-nvtx-cu12==12.6.77 ; platform_machine == 'x86_64' and sys_platform == 'linux'
    # via torch
opencv-python==4.11.0.86
    # via ultralytics
packaging==26.2
    # via
    #   coremltools
    #   huggingface-hub
    #   matplotlib
pillow==12.3.0
    # via
    #   matplotlib
    #   torchvision
    #   ultralytics
polars==1.42.1
    # via ultralytics
polars-runtime-32==1.42.1
    # via polars
protobuf==7.35.1
    # via coremltools
psutil==7.2.2
    # via ultralytics
pyaml==26.7.0
    # via coremltools
pygments==2.20.0
    # via rich
pyparsing==3.3.2
    # via matplotlib
python-dateutil==2.9.0.post0
    # via matplotlib
pyyaml==6.0.3
    # via
    #   huggingface-hub
    #   pyaml
    #   ultralytics
requests==2.34.2
    # via ultralytics
rich==15.0.0
    # via typer
setuptools==83.0.0
    # via
    #   torch
    #   triton
shellingham==1.5.4
    # via
    #   huggingface-hub
    #   typer
six==1.17.0
    # via python-dateutil
sympy==1.14.0
    # via
    #   coremltools
    #   torch
torch==2.7.0
    # via
    #   -r Tools/ModelConversion/GPA/requirements.txt
    #   torchvision
    #   ultralytics
    #   ultralytics-thop
torchvision==0.22.0
    # via
    #   -r Tools/ModelConversion/GPA/requirements.txt
    #   ultralytics
tqdm==4.69.0
    # via
    #   coremltools
    #   huggingface-hub
triton==3.3.0 ; platform_machine == 'x86_64' and sys_platform == 'linux'
    # via torch
typer==0.27.0
    # via typer-slim
typer-slim==0.24.0
    # via huggingface-hub
typing-extensions==4.16.0
    # via
    #   anyio
    #   cattrs
    #   huggingface-hub
    #   torch
ultralytics==8.4.100
    # via -r Tools/ModelConversion/GPA/requirements.txt
ultralytics-thop==2.0.20
    # via ultralytics
urllib3==2.7.0
    # via requests
