// !$*UTF8*$!
{
	archiveVersion = 1;
	classes = {
	};
	objectVersion = 56;
	objects = {

/* Begin PBXBuildFile section */
		B10000000000000000000001 /* AccessibilityScanner.swift in Sources */ = {isa = PBXBuildFile; fileRef = F10000000000000000000001 /* AccessibilityScanner.swift */; };
		B10000000000000000000002 /* CompatibilityLabWindowController.swift in Sources */ = {isa = PBXBuildFile; fileRef = F10000000000000000000002 /* CompatibilityLabWindowController.swift */; };
		B10000000000000000000003 /* AXSnapshot.swift in Sources */ = {isa = PBXBuildFile; fileRef = F10000000000000000000003 /* AXSnapshot.swift */; };
		B10000000000000000000004 /* FocusDetector.swift in Sources */ = {isa = PBXBuildFile; fileRef = F10000000000000000000004 /* FocusDetector.swift */; };
		B10000000000000000000005 /* HintEngine.swift in Sources */ = {isa = PBXBuildFile; fileRef = F10000000000000000000005 /* HintEngine.swift */; };
		B10000000000000000000006 /* HintOverlayController.swift in Sources */ = {isa = PBXBuildFile; fileRef = F10000000000000000000006 /* HintOverlayController.swift */; };
		B10000000000000000000007 /* OmniVimMain.swift in Sources */ = {isa = PBXBuildFile; fileRef = F10000000000000000000007 /* OmniVimMain.swift */; };
		B10000000000000000000008 /* HintEngineTests.swift in Sources */ = {isa = PBXBuildFile; fileRef = F10000000000000000000008 /* HintEngineTests.swift */; };
		B10000000000000000000009 /* XCTest.framework in Frameworks */ = {isa = PBXBuildFile; fileRef = F10000000000000000000009 /* XCTest.framework */; };
		B1000000000000000000000A /* system-settings-sidebar.json in Resources */ = {isa = PBXBuildFile; fileRef = F1000000000000000000000D /* system-settings-sidebar.json */; };
		B10000000000000000000010 /* AXService.swift in Sources */ = {isa = PBXBuildFile; fileRef = F10000000000000000000010 /* AXService.swift */; };
		B10000000000000000000011 /* ElementActivator.swift in Sources */ = {isa = PBXBuildFile; fileRef = F10000000000000000000011 /* ElementActivator.swift */; };
		B10000000000000000000012 /* InteractionState.swift in Sources */ = {isa = PBXBuildFile; fileRef = F10000000000000000000012 /* InteractionState.swift */; };
		B10000000000000000000013 /* OmniVimAppDelegate.swift in Sources */ = {isa = PBXBuildFile; fileRef = F10000000000000000000013 /* OmniVimAppDelegate.swift */; };
		B10000000000000000000014 /* OmniVimCoordinator.swift in Sources */ = {isa = PBXBuildFile; fileRef = F10000000000000000000014 /* OmniVimCoordinator.swift */; };
		B10000000000000000000015 /* DiagnosticLogger.swift in Sources */ = {isa = PBXBuildFile; fileRef = F10000000000000000000015 /* DiagnosticLogger.swift */; };
		B10000000000000000000016 /* GlobalKeyMonitor.swift in Sources */ = {isa = PBXBuildFile; fileRef = F10000000000000000000016 /* GlobalKeyMonitor.swift */; };
		B10000000000000000000017 /* InputSynthesizer.swift in Sources */ = {isa = PBXBuildFile; fileRef = F10000000000000000000017 /* InputSynthesizer.swift */; };
		B10000000000000000000018 /* KeyPress.swift in Sources */ = {isa = PBXBuildFile; fileRef = F10000000000000000000018 /* KeyPress.swift */; };
		B10000000000000000000019 /* HintOverlayViews.swift in Sources */ = {isa = PBXBuildFile; fileRef = F10000000000000000000019 /* HintOverlayViews.swift */; };
		B1000000000000000000001A /* ModeIndicatorController.swift in Sources */ = {isa = PBXBuildFile; fileRef = F1000000000000000000001A /* ModeIndicatorController.swift */; };
		B1000000000000000000001B /* ElementActivatorStrategyTests.swift in Sources */ = {isa = PBXBuildFile; fileRef = F1000000000000000000001B /* ElementActivatorStrategyTests.swift */; };
		B1000000000000000000001C /* InteractionStateTests.swift in Sources */ = {isa = PBXBuildFile; fileRef = F1000000000000000000001C /* InteractionStateTests.swift */; };
		B1000000000000000000001D /* ActivationAttempt.swift in Sources */ = {isa = PBXBuildFile; fileRef = F1000000000000000000001D /* ActivationAttempt.swift */; };
		B1000000000000000000001E /* OrderedKeyChord.swift in Sources */ = {isa = PBXBuildFile; fileRef = F1000000000000000000001E /* OrderedKeyChord.swift */; };
		B1000000000000000000001F /* VimEngine.swift in Sources */ = {isa = PBXBuildFile; fileRef = F1000000000000000000001F /* VimEngine.swift */; };
		B10000000000000000000020 /* SyntheticVimCommandExecutor.swift in Sources */ = {isa = PBXBuildFile; fileRef = F10000000000000000000020 /* SyntheticVimCommandExecutor.swift */; };
		B10000000000000000000021 /* TerminalVimCommandExecutor.swift in Sources */ = {isa = PBXBuildFile; fileRef = F10000000000000000000021 /* TerminalVimCommandExecutor.swift */; };
		B10000000000000000000022 /* TerminalSessionResolver.swift in Sources */ = {isa = PBXBuildFile; fileRef = F10000000000000000000022 /* TerminalSessionResolver.swift */; };
		B10000000000000000000023 /* ReadlineTUIVimCommandExecutor.swift in Sources */ = {isa = PBXBuildFile; fileRef = F10000000000000000000023 /* ReadlineTUIVimCommandExecutor.swift */; };
		B10000000000000000000024 /* ModeMotionLabWindowController.swift in Sources */ = {isa = PBXBuildFile; fileRef = F10000000000000000000024 /* ModeMotionLabWindowController.swift */; };
		B10000000000000000000025 /* ApplicationAdapter.swift in Sources */ = {isa = PBXBuildFile; fileRef = F10000000000000000000025 /* ApplicationAdapter.swift */; };
		B10000000000000000000026 /* AXEditorResolver.swift in Sources */ = {isa = PBXBuildFile; fileRef = F10000000000000000000026 /* AXEditorResolver.swift */; };
		B10000000000000000000027 /* AdapterEnvironment.swift in Sources */ = {isa = PBXBuildFile; fileRef = F10000000000000000000027 /* AdapterEnvironment.swift */; };
		B10000000000000000000028 /* AdapterCapabilities.swift in Sources */ = {isa = PBXBuildFile; fileRef = F10000000000000000000028 /* AdapterCapabilities.swift */; };
		B10000000000000000000029 /* ApplicationAdapterRegistry.swift in Sources */ = {isa = PBXBuildFile; fileRef = F10000000000000000000029 /* ApplicationAdapterRegistry.swift */; };
		B1000000000000000000002A /* EditorTarget.swift in Sources */ = {isa = PBXBuildFile; fileRef = F1000000000000000000002A /* EditorTarget.swift */; };
		B1000000000000000000002B /* ElectronAccessibilityBridge.swift in Sources */ = {isa = PBXBuildFile; fileRef = F1000000000000000000002B /* ElectronAccessibilityBridge.swift */; };
		B1000000000000000000002C /* AdapterCommandExecutors.swift in Sources */ = {isa = PBXBuildFile; fileRef = F1000000000000000000002C /* AdapterCommandExecutors.swift */; };
		B1000000000000000000002D /* WeChatApplicationAdapter.swift in Sources */ = {isa = PBXBuildFile; fileRef = F1000000000000000000002D /* WeChatApplicationAdapter.swift */; };
		B1000000000000000000002E /* LarkApplicationAdapter.swift in Sources */ = {isa = PBXBuildFile; fileRef = F1000000000000000000002E /* LarkApplicationAdapter.swift */; };
		B1000000000000000000002F /* TelegramApplicationAdapter.swift in Sources */ = {isa = PBXBuildFile; fileRef = F1000000000000000000002F /* TelegramApplicationAdapter.swift */; };
		B10000000000000000000030 /* TerminalApplicationAdapter.swift in Sources */ = {isa = PBXBuildFile; fileRef = F10000000000000000000030 /* TerminalApplicationAdapter.swift */; };
		B10000000000000000000031 /* GenericAXApplicationAdapter.swift in Sources */ = {isa = PBXBuildFile; fileRef = F10000000000000000000031 /* GenericAXApplicationAdapter.swift */; };
		B10000000000000000000032 /* ApplicationAdapterTests.swift in Sources */ = {isa = PBXBuildFile; fileRef = F10000000000000000000032 /* ApplicationAdapterTests.swift */; };
		B10000000000000000000033 /* CodexApplicationAdapter.swift in Sources */ = {isa = PBXBuildFile; fileRef = F10000000000000000000033 /* CodexApplicationAdapter.swift */; };
		B10000000000000000000034 /* ApplicationFingerprint.swift in Sources */ = {isa = PBXBuildFile; fileRef = F10000000000000000000034 /* ApplicationFingerprint.swift */; };
		B10000000000000000000035 /* CapabilityReport.swift in Sources */ = {isa = PBXBuildFile; fileRef = F10000000000000000000035 /* CapabilityReport.swift */; };
		B10000000000000000000036 /* ApplicationCapabilityProbe.swift in Sources */ = {isa = PBXBuildFile; fileRef = F10000000000000000000036 /* ApplicationCapabilityProbe.swift */; };
		B10000000000000000000037 /* AXCapabilityProbe.swift in Sources */ = {isa = PBXBuildFile; fileRef = F10000000000000000000037 /* AXCapabilityProbe.swift */; };
		B10000000000000000000038 /* CapabilityPlanner.swift in Sources */ = {isa = PBXBuildFile; fileRef = F10000000000000000000038 /* CapabilityPlanner.swift */; };
		B10000000000000000000039 /* CapabilityReportCache.swift in Sources */ = {isa = PBXBuildFile; fileRef = F10000000000000000000039 /* CapabilityReportCache.swift */; };
		B1000000000000000000003A /* ApplicationIntegrationRuntime.swift in Sources */ = {isa = PBXBuildFile; fileRef = F1000000000000000000003A /* ApplicationIntegrationRuntime.swift */; };
		B1000000000000000000003B /* CompatibilityArtifact.swift in Sources */ = {isa = PBXBuildFile; fileRef = F1000000000000000000003B /* CompatibilityArtifact.swift */; };
		B1000000000000000000003C /* CapabilityArchitectureTests.swift in Sources */ = {isa = PBXBuildFile; fileRef = F1000000000000000000003C /* CapabilityArchitectureTests.swift */; };
		B1000000000000000000003D /* AXHitTestHintProvider.swift in Sources */ = {isa = PBXBuildFile; fileRef = F1000000000000000000003D /* AXHitTestHintProvider.swift */; };
		B10000000000000000000040 /* GPAElementDetector.swift in Sources */ = {isa = PBXBuildFile; fileRef = F10000000000000000000040 /* GPAElementDetector.swift */; };
		B10000000000000000000041 /* HintOverlayPreferences.swift in Sources */ = {isa = PBXBuildFile; fileRef = F10000000000000000000041 /* HintOverlayPreferences.swift */; };
		B10000000000000000000042 /* GPAHintProvider.swift in Sources */ = {isa = PBXBuildFile; fileRef = F10000000000000000000042 /* GPAHintProvider.swift */; };
		B10000000000000000000043 /* UIElementHint.swift in Sources */ = {isa = PBXBuildFile; fileRef = F10000000000000000000043 /* UIElementHint.swift */; };
		B10000000000000000000044 /* VimMode.swift in Sources */ = {isa = PBXBuildFile; fileRef = F10000000000000000000044 /* VimMode.swift */; };
		B10000000000000000000045 /* GPA_GUI_Detector.mlpackage in Resources */ = {isa = PBXBuildFile; fileRef = F10000000000000000000045 /* GPA_GUI_Detector.mlpackage */; };
/* End PBXBuildFile section */

/* Begin PBXContainerItemProxy section */
		C10000000000000000000001 /* PBXContainerItemProxy */ = {
			isa = PBXContainerItemProxy;
			containerPortal = P10000000000000000000001 /* Project object */;
			proxyType = 1;
			remoteGlobalIDString = T10000000000000000000001;
			remoteInfo = OmniVim;
		};
/* End PBXContainerItemProxy section */

/* Begin PBXFileReference section */
		F10000000000000000000001 /* AccessibilityScanner.swift */ = {isa = PBXFileReference; lastKnownFileType = sourcecode.swift; path = AccessibilityScanner.swift; sourceTree = "<group>"; };
		F10000000000000000000002 /* CompatibilityLabWindowController.swift */ = {isa = PBXFileReference; lastKnownFileType = sourcecode.swift; path = CompatibilityLabWindowController.swift; sourceTree = "<group>"; };
		F10000000000000000000003 /* AXSnapshot.swift */ = {isa = PBXFileReference; lastKnownFileType = sourcecode.swift; path = AXSnapshot.swift; sourceTree = "<group>"; };
		F10000000000000000000004 /* FocusDetector.swift */ = {isa = PBXFileReference; lastKnownFileType = sourcecode.swift; path = FocusDetector.swift; sourceTree = "<group>"; };
		F10000000000000000000005 /* HintEngine.swift */ = {isa = PBXFileReference; lastKnownFileType = sourcecode.swift; path = HintEngine.swift; sourceTree = "<group>"; };
		F10000000000000000000006 /* HintOverlayController.swift */ = {isa = PBXFileReference; lastKnownFileType = sourcecode.swift; path = UI/HintOverlayController.swift; sourceTree = "<group>"; };
		F10000000000000000000007 /* OmniVimMain.swift */ = {isa = PBXFileReference; lastKnownFileType = sourcecode.swift; path = OmniVimMain.swift; sourceTree = "<group>"; };
		F10000000000000000000008 /* HintEngineTests.swift */ = {isa = PBXFileReference; lastKnownFileType = sourcecode.swift; path = HintEngineTests.swift; sourceTree = "<group>"; };
		F10000000000000000000009 /* XCTest.framework */ = {isa = PBXFileReference; lastKnownFileType = wrapper.framework; name = XCTest.framework; path = System/Library/Frameworks/XCTest.framework; sourceTree = SDKROOT; };
		F1000000000000000000000A /* Info.plist */ = {isa = PBXFileReference; lastKnownFileType = text.plist.xml; path = Info.plist; sourceTree = "<group>"; };
		F1000000000000000000000B /* OmniVim.app */ = {isa = PBXFileReference; explicitFileType = wrapper.application; includeInIndex = 0; path = OmniVim.app; sourceTree = BUILT_PRODUCTS_DIR; };
		F1000000000000000000000C /* OmniVimTests.xctest */ = {isa = PBXFileReference; explicitFileType = wrapper.cfbundle; includeInIndex = 0; path = OmniVimTests.xctest; sourceTree = BUILT_PRODUCTS_DIR; };
		F1000000000000000000000D /* system-settings-sidebar.json */ = {isa = PBXFileReference; lastKnownFileType = text.json; path = "system-settings-sidebar.json"; sourceTree = "<group>"; };
		F10000000000000000000010 /* AXService.swift */ = {isa = PBXFileReference; lastKnownFileType = sourcecode.swift; path = AXService.swift; sourceTree = "<group>"; };
		F10000000000000000000011 /* ElementActivator.swift */ = {isa = PBXFileReference; lastKnownFileType = sourcecode.swift; path = ElementActivator.swift; sourceTree = "<group>"; };
		F10000000000000000000012 /* InteractionState.swift */ = {isa = PBXFileReference; lastKnownFileType = sourcecode.swift; path = InteractionState.swift; sourceTree = "<group>"; };
		F10000000000000000000013 /* OmniVimAppDelegate.swift */ = {isa = PBXFileReference; lastKnownFileType = sourcecode.swift; path = OmniVimAppDelegate.swift; sourceTree = "<group>"; };
		F10000000000000000000014 /* OmniVimCoordinator.swift */ = {isa = PBXFileReference; lastKnownFileType = sourcecode.swift; path = OmniVimCoordinator.swift; sourceTree = "<group>"; };
		F10000000000000000000015 /* DiagnosticLogger.swift */ = {isa = PBXFileReference; lastKnownFileType = sourcecode.swift; path = DiagnosticLogger.swift; sourceTree = "<group>"; };
		F10000000000000000000016 /* GlobalKeyMonitor.swift */ = {isa = PBXFileReference; lastKnownFileType = sourcecode.swift; path = GlobalKeyMonitor.swift; sourceTree = "<group>"; };
		F10000000000000000000017 /* InputSynthesizer.swift */ = {isa = PBXFileReference; lastKnownFileType = sourcecode.swift; path = InputSynthesizer.swift; sourceTree = "<group>"; };
		F10000000000000000000018 /* KeyPress.swift */ = {isa = PBXFileReference; lastKnownFileType = sourcecode.swift; path = KeyPress.swift; sourceTree = "<group>"; };
		F10000000000000000000019 /* HintOverlayViews.swift */ = {isa = PBXFileReference; lastKnownFileType = sourcecode.swift; path = UI/HintOverlayViews.swift; sourceTree = "<group>"; };
		F1000000000000000000001A /* ModeIndicatorController.swift */ = {isa = PBXFileReference; lastKnownFileType = sourcecode.swift; path = ModeIndicatorController.swift; sourceTree = "<group>"; };
		F1000000000000000000001B /* ElementActivatorStrategyTests.swift */ = {isa = PBXFileReference; lastKnownFileType = sourcecode.swift; path = ElementActivatorStrategyTests.swift; sourceTree = "<group>"; };
		F1000000000000000000001C /* InteractionStateTests.swift */ = {isa = PBXFileReference; lastKnownFileType = sourcecode.swift; path = InteractionStateTests.swift; sourceTree = "<group>"; };
		F1000000000000000000001D /* ActivationAttempt.swift */ = {isa = PBXFileReference; lastKnownFileType = sourcecode.swift; path = ActivationAttempt.swift; sourceTree = "<group>"; };
		F1000000000000000000001E /* OrderedKeyChord.swift */ = {isa = PBXFileReference; lastKnownFileType = sourcecode.swift; path = OrderedKeyChord.swift; sourceTree = "<group>"; };
		F1000000000000000000001F /* VimEngine.swift */ = {isa = PBXFileReference; lastKnownFileType = sourcecode.swift; path = VimEngine.swift; sourceTree = "<group>"; };
		F10000000000000000000020 /* SyntheticVimCommandExecutor.swift */ = {isa = PBXFileReference; lastKnownFileType = sourcecode.swift; path = SyntheticVimCommandExecutor.swift; sourceTree = "<group>"; };
		F10000000000000000000021 /* TerminalVimCommandExecutor.swift */ = {isa = PBXFileReference; lastKnownFileType = sourcecode.swift; path = TerminalVimCommandExecutor.swift; sourceTree = "<group>"; };
		F10000000000000000000022 /* TerminalSessionResolver.swift */ = {isa = PBXFileReference; lastKnownFileType = sourcecode.swift; path = TerminalSessionResolver.swift; sourceTree = "<group>"; };
		F10000000000000000000023 /* ReadlineTUIVimCommandExecutor.swift */ = {isa = PBXFileReference; lastKnownFileType = sourcecode.swift; path = ReadlineTUIVimCommandExecutor.swift; sourceTree = "<group>"; };
		F10000000000000000000024 /* ModeMotionLabWindowController.swift */ = {isa = PBXFileReference; lastKnownFileType = sourcecode.swift; path = ModeMotionLabWindowController.swift; sourceTree = "<group>"; };
		F10000000000000000000025 /* ApplicationAdapter.swift */ = {isa = PBXFileReference; lastKnownFileType = sourcecode.swift; path = ApplicationAdapter.swift; sourceTree = "<group>"; };
		F10000000000000000000026 /* AXEditorResolver.swift */ = {isa = PBXFileReference; lastKnownFileType = sourcecode.swift; path = AXEditorResolver.swift; sourceTree = "<group>"; };
		F10000000000000000000027 /* AdapterEnvironment.swift */ = {isa = PBXFileReference; lastKnownFileType = sourcecode.swift; path = AdapterEnvironment.swift; sourceTree = "<group>"; };
		F10000000000000000000028 /* AdapterCapabilities.swift */ = {isa = PBXFileReference; lastKnownFileType = sourcecode.swift; path = AdapterCapabilities.swift; sourceTree = "<group>"; };
		F10000000000000000000029 /* ApplicationAdapterRegistry.swift */ = {isa = PBXFileReference; lastKnownFileType = sourcecode.swift; path = ApplicationAdapterRegistry.swift; sourceTree = "<group>"; };
		F1000000000000000000002A /* EditorTarget.swift */ = {isa = PBXFileReference; lastKnownFileType = sourcecode.swift; path = EditorTarget.swift; sourceTree = "<group>"; };
		F1000000000000000000002B /* ElectronAccessibilityBridge.swift */ = {isa = PBXFileReference; lastKnownFileType = sourcecode.swift; path = ElectronAccessibilityBridge.swift; sourceTree = "<group>"; };
		F1000000000000000000002C /* AdapterCommandExecutors.swift */ = {isa = PBXFileReference; lastKnownFileType = sourcecode.swift; path = AdapterCommandExecutors.swift; sourceTree = "<group>"; };
		F1000000000000000000002D /* WeChatApplicationAdapter.swift */ = {isa = PBXFileReference; lastKnownFileType = sourcecode.swift; path = WeChatApplicationAdapter.swift; sourceTree = "<group>"; };
		F1000000000000000000002E /* LarkApplicationAdapter.swift */ = {isa = PBXFileReference; lastKnownFileType = sourcecode.swift; path = LarkApplicationAdapter.swift; sourceTree = "<group>"; };
		F1000000000000000000002F /* TelegramApplicationAdapter.swift */ = {isa = PBXFileReference; lastKnownFileType = sourcecode.swift; path = TelegramApplicationAdapter.swift; sourceTree = "<group>"; };
		F10000000000000000000030 /* TerminalApplicationAdapter.swift */ = {isa = PBXFileReference; lastKnownFileType = sourcecode.swift; path = TerminalApplicationAdapter.swift; sourceTree = "<group>"; };
		F10000000000000000000031 /* GenericAXApplicationAdapter.swift */ = {isa = PBXFileReference; lastKnownFileType = sourcecode.swift; path = GenericAXApplicationAdapter.swift; sourceTree = "<group>"; };
		F10000000000000000000032 /* ApplicationAdapterTests.swift */ = {isa = PBXFileReference; lastKnownFileType = sourcecode.swift; path = ApplicationAdapterTests.swift; sourceTree = "<group>"; };
		F10000000000000000000033 /* CodexApplicationAdapter.swift */ = {isa = PBXFileReference; lastKnownFileType = sourcecode.swift; path = CodexApplicationAdapter.swift; sourceTree = "<group>"; };
		F10000000000000000000034 /* ApplicationFingerprint.swift */ = {isa = PBXFileReference; lastKnownFileType = sourcecode.swift; path = ApplicationFingerprint.swift; sourceTree = "<group>"; };
		F10000000000000000000035 /* CapabilityReport.swift */ = {isa = PBXFileReference; lastKnownFileType = sourcecode.swift; path = CapabilityReport.swift; sourceTree = "<group>"; };
		F10000000000000000000036 /* ApplicationCapabilityProbe.swift */ = {isa = PBXFileReference; lastKnownFileType = sourcecode.swift; path = ApplicationCapabilityProbe.swift; sourceTree = "<group>"; };
		F10000000000000000000037 /* AXCapabilityProbe.swift */ = {isa = PBXFileReference; lastKnownFileType = sourcecode.swift; path = AXCapabilityProbe.swift; sourceTree = "<group>"; };
		F10000000000000000000038 /* CapabilityPlanner.swift */ = {isa = PBXFileReference; lastKnownFileType = sourcecode.swift; path = CapabilityPlanner.swift; sourceTree = "<group>"; };
		F10000000000000000000039 /* CapabilityReportCache.swift */ = {isa = PBXFileReference; lastKnownFileType = sourcecode.swift; path = CapabilityReportCache.swift; sourceTree = "<group>"; };
		F1000000000000000000003A /* ApplicationIntegrationRuntime.swift */ = {isa = PBXFileReference; lastKnownFileType = sourcecode.swift; path = ApplicationIntegrationRuntime.swift; sourceTree = "<group>"; };
		F1000000000000000000003B /* CompatibilityArtifact.swift */ = {isa = PBXFileReference; lastKnownFileType = sourcecode.swift; path = CompatibilityArtifact.swift; sourceTree = "<group>"; };
		F1000000000000000000003C /* CapabilityArchitectureTests.swift */ = {isa = PBXFileReference; lastKnownFileType = sourcecode.swift; path = CapabilityArchitectureTests.swift; sourceTree = "<group>"; };
		F1000000000000000000003D /* AXHitTestHintProvider.swift */ = {isa = PBXFileReference; lastKnownFileType = sourcecode.swift; path = AXHitTestHintProvider.swift; sourceTree = "<group>"; };
		F10000000000000000000040 /* GPAElementDetector.swift */ = {isa = PBXFileReference; lastKnownFileType = sourcecode.swift; path = GPAElementDetector.swift; sourceTree = "<group>"; };
		F10000000000000000000041 /* HintOverlayPreferences.swift */ = {isa = PBXFileReference; lastKnownFileType = sourcecode.swift; path = Preferences/HintOverlayPreferences.swift; sourceTree = "<group>"; };
		F10000000000000000000042 /* GPAHintProvider.swift */ = {isa = PBXFileReference; lastKnownFileType = sourcecode.swift; path = Discovery/GPAHintProvider.swift; sourceTree = "<group>"; };
		F10000000000000000000043 /* UIElementHint.swift */ = {isa = PBXFileReference; lastKnownFileType = sourcecode.swift; path = Model/UIElementHint.swift; sourceTree = "<group>"; };
		F10000000000000000000044 /* VimMode.swift */ = {isa = PBXFileReference; lastKnownFileType = sourcecode.swift; path = VimMode.swift; sourceTree = "<group>"; };
		F10000000000000000000045 /* GPA_GUI_Detector.mlpackage */ = {isa = PBXFileReference; lastKnownFileType = folder.mlpackage; path = Models/GPA_GUI_Detector.mlpackage; sourceTree = "<group>"; };
/* End PBXFileReference section */

/* Begin PBXFrameworksBuildPhase section */
		PH1000000000000000000002 /* Frameworks */ = {
			isa = PBXFrameworksBuildPhase;
			buildActionMask = 2147483647;
			files = (
			);
			runOnlyForDeploymentPostprocessing = 0;
		};
		PH1000000000000000000005 /* Frameworks */ = {
			isa = PBXFrameworksBuildPhase;
			buildActionMask = 2147483647;
			files = (
				B10000000000000000000009 /* XCTest.framework in Frameworks */,
			);
			runOnlyForDeploymentPostprocessing = 0;
		};
/* End PBXFrameworksBuildPhase section */

/* Begin PBXGroup section */
		G10000000000000000000001 = {
			isa = PBXGroup;
			children = (
				G10000000000000000000002 /* Sources */,
				G10000000000000000000004 /* Tests */,
				G10000000000000000000005 /* Resources */,
				G10000000000000000000006 /* Frameworks */,
				G10000000000000000000007 /* Products */,
			);
			sourceTree = "<group>";
		};
		G10000000000000000000002 /* Sources */ = {
			isa = PBXGroup;
			children = (
				G10000000000000000000003 /* OmniVim */,
			);
			path = Sources;
			sourceTree = "<group>";
		};
		G10000000000000000000003 /* OmniVim */ = {
			isa = PBXGroup;
			children = (
				G10000000000000000000012 /* App */,
				G10000000000000000000020 /* ApplicationIntegration */,
				G10000000000000000000045 /* Features */,
				G10000000000000000000046 /* Services */,
				G10000000000000000000016 /* Research */,
			);
			path = OmniVim;
			sourceTree = "<group>";
		};
		G10000000000000000000004 /* Tests */ = {
			isa = PBXGroup;
			children = (
				G10000000000000000000008 /* OmniVimTests */,
			);
			path = Tests;
			sourceTree = "<group>";
		};
		G10000000000000000000005 /* Resources */ = {
			isa = PBXGroup;
			children = (
				F1000000000000000000000A /* Info.plist */,
				F10000000000000000000045 /* GPA_GUI_Detector.mlpackage */,
			);
			path = Resources;
			sourceTree = "<group>";
		};
		G10000000000000000000006 /* Frameworks */ = {
			isa = PBXGroup;
			children = (
				F10000000000000000000009 /* XCTest.framework */,
			);
			name = Frameworks;
			sourceTree = "<group>";
		};
		G10000000000000000000007 /* Products */ = {
			isa = PBXGroup;
			children = (
				F1000000000000000000000B /* OmniVim.app */,
				F1000000000000000000000C /* OmniVimTests.xctest */,
			);
			name = Products;
			sourceTree = "<group>";
		};
		G10000000000000000000008 /* OmniVimTests */ = {
			isa = PBXGroup;
			children = (
				G10000000000000000000018 /* Activation */,
				G1000000000000000000002B /* ApplicationIntegration */,
				G10000000000000000000019 /* Vim */,
				G10000000000000000000009 /* Fixtures */,
				G1000000000000000000001A /* Hints */,
			);
			path = OmniVimTests;
			sourceTree = "<group>";
		};
		G10000000000000000000009 /* Fixtures */ = {
			isa = PBXGroup;
			children = (
				F1000000000000000000000D /* system-settings-sidebar.json */,
			);
			path = Fixtures;
			sourceTree = "<group>";
		};
		G10000000000000000000010 /* Accessibility */ = {
			isa = PBXGroup;
			children = (
				F10000000000000000000010 /* AXService.swift */,
				F10000000000000000000001 /* AccessibilityScanner.swift */,
			);
			path = Accessibility;
			sourceTree = "<group>";
		};
		G10000000000000000000011 /* Activation */ = {
			isa = PBXGroup;
			children = (
				F1000000000000000000001D /* ActivationAttempt.swift */,
				F10000000000000000000011 /* ElementActivator.swift */,
			);
			path = Activation;
			sourceTree = "<group>";
		};
		G10000000000000000000012 /* App */ = {
			isa = PBXGroup;
			children = (
				F10000000000000000000012 /* InteractionState.swift */,
				F10000000000000000000013 /* OmniVimAppDelegate.swift */,
				F10000000000000000000014 /* OmniVimCoordinator.swift */,
				F10000000000000000000007 /* OmniVimMain.swift */,
			);
			path = App;
			sourceTree = "<group>";
		};
		G10000000000000000000013 /* Diagnostics */ = {
			isa = PBXGroup;
			children = (
				F10000000000000000000015 /* DiagnosticLogger.swift */,
			);
			path = Diagnostics;
			sourceTree = "<group>";
		};
		G10000000000000000000014 /* Hints */ = {
			isa = PBXGroup;
			children = (
				F10000000000000000000005 /* HintEngine.swift */,
			);
			path = Engine;
			sourceTree = "<group>";
		};
		G10000000000000000000015 /* Input */ = {
			isa = PBXGroup;
			children = (
				F10000000000000000000016 /* GlobalKeyMonitor.swift */,
				F10000000000000000000017 /* InputSynthesizer.swift */,
				F10000000000000000000018 /* KeyPress.swift */,
			);
			path = Input;
			sourceTree = "<group>";
		};
		G10000000000000000000016 /* Research */ = {
			isa = PBXGroup;
			children = (
				G10000000000000000000035 /* CompatibilityLab */,
			);
			path = Research;
			sourceTree = "<group>";
		};
		G10000000000000000000017 /* UI */ = {
			isa = PBXGroup;
			children = (
				G10000000000000000000011 /* Activation */,
				G10000000000000000000014 /* Hints */,
				F10000000000000000000006 /* HintOverlayController.swift */,
				F10000000000000000000019 /* HintOverlayViews.swift */,
				F10000000000000000000041 /* HintOverlayPreferences.swift */,
				F10000000000000000000042 /* GPAHintProvider.swift */,
				F10000000000000000000043 /* UIElementHint.swift */,
			);
			name = Hints;
			path = Hints;
			sourceTree = "<group>";
		};
		G10000000000000000000018 /* Activation */ = {
			isa = PBXGroup;
			children = (
				F1000000000000000000001B /* ElementActivatorStrategyTests.swift */,
			);
			path = Activation;
			sourceTree = "<group>";
		};
		G10000000000000000000019 /* Vim */ = {
			isa = PBXGroup;
			children = (
				F1000000000000000000001C /* InteractionStateTests.swift */,
			);
			path = Vim;
			sourceTree = "<group>";
		};
		G1000000000000000000001A /* Hints */ = {
			isa = PBXGroup;
			children = (
				F10000000000000000000008 /* HintEngineTests.swift */,
			);
			path = Hints;
			sourceTree = "<group>";
		};
		G1000000000000000000001B /* Vim */ = {
			isa = PBXGroup;
			children = (
				G1000000000000000000001C /* Engine */,
				G1000000000000000000001F /* Execution */,
				G1000000000000000000001D /* Session */,
				G1000000000000000000001E /* UI */,
			);
			path = Vim;
			sourceTree = "<group>";
		};
		G1000000000000000000001C /* Engine */ = {
			isa = PBXGroup;
			children = (
				F1000000000000000000001E /* OrderedKeyChord.swift */,
				F1000000000000000000001F /* VimEngine.swift */,
				F10000000000000000000044 /* VimMode.swift */,
			);
			path = Engine;
			sourceTree = "<group>";
		};
		G1000000000000000000001D /* Session */ = {
			isa = PBXGroup;
			children = (
				F10000000000000000000004 /* FocusDetector.swift */,
			);
			path = Session;
			sourceTree = "<group>";
		};
		G1000000000000000000001E /* UI */ = {
			isa = PBXGroup;
			children = (
				F1000000000000000000001A /* ModeIndicatorController.swift */,
				F10000000000000000000024 /* ModeMotionLabWindowController.swift */,
			);
			path = UI;
			sourceTree = "<group>";
		};
		G1000000000000000000001F /* Execution */ = {
			isa = PBXGroup;
			children = (
				F10000000000000000000023 /* ReadlineTUIVimCommandExecutor.swift */,
				F10000000000000000000020 /* SyntheticVimCommandExecutor.swift */,
				F10000000000000000000021 /* TerminalVimCommandExecutor.swift */,
			);
			path = Execution;
			sourceTree = "<group>";
		};
		G10000000000000000000020 /* ApplicationIntegration */ = {
			isa = PBXGroup;
			children = (
				G1000000000000000000002E /* Capabilities */,
				G10000000000000000000021 /* Mechanisms */,
				G1000000000000000000002D /* Model */,
				G1000000000000000000002F /* Planning */,
				G10000000000000000000030 /* Probing */,
				G10000000000000000000022 /* Profiles */,
				G10000000000000000000031 /* Runtime */,
				G10000000000000000000023 /* Terminal */,
			);
			path = ApplicationIntegration;
			sourceTree = "<group>";
		};
		G10000000000000000000021 /* Mechanisms */ = {
			isa = PBXGroup;
			children = (
				G10000000000000000000025 /* Accessibility */,
				G10000000000000000000026 /* Electron */,
				G10000000000000000000027 /* Execution */,
			);
			path = Mechanisms;
			sourceTree = "<group>";
		};
		G10000000000000000000022 /* Profiles */ = {
			isa = PBXGroup;
			children = (
				G1000000000000000000002C /* Codex */,
				G10000000000000000000024 /* Generic */,
				G10000000000000000000029 /* Lark */,
				G1000000000000000000002A /* Telegram */,
				G10000000000000000000028 /* WeChat */,
			);
			path = Profiles;
			sourceTree = "<group>";
		};
		G10000000000000000000023 /* Terminal */ = {
			isa = PBXGroup;
			children = (
				F10000000000000000000030 /* TerminalApplicationAdapter.swift */,
				F10000000000000000000022 /* TerminalSessionResolver.swift */,
			);
			path = Terminal;
			sourceTree = "<group>";
		};
		G10000000000000000000024 /* Generic */ = {
			isa = PBXGroup;
			children = (
				F10000000000000000000031 /* GenericAXApplicationAdapter.swift */,
			);
			path = Generic;
			sourceTree = "<group>";
		};
		G10000000000000000000025 /* Accessibility */ = {
			isa = PBXGroup;
			children = (
				F10000000000000000000026 /* AXEditorResolver.swift */,
				F1000000000000000000003D /* AXHitTestHintProvider.swift */,
			);
			path = Accessibility;
			sourceTree = "<group>";
		};
		G10000000000000000000036 /* Vision */ = {
			isa = PBXGroup;
			children = (
				F10000000000000000000040 /* GPAElementDetector.swift */,
			);
			path = Vision/Detection;
			sourceTree = "<group>";
		};
		G10000000000000000000045 /* Features */ = {
			isa = PBXGroup;
			children = (
				G10000000000000000000017 /* UI */,
				G1000000000000000000001B /* Vim */,
			);
			path = Features;
			sourceTree = "<group>";
		};
		G10000000000000000000046 /* Services */ = {
			isa = PBXGroup;
			children = (
				G10000000000000000000010 /* Accessibility */,
				G10000000000000000000013 /* Diagnostics */,
				G10000000000000000000015 /* Input */,
				G10000000000000000000036 /* Vision */,
			);
			path = Services;
			sourceTree = "<group>";
		};
		G10000000000000000000026 /* Electron */ = {
			isa = PBXGroup;
			children = (
				F1000000000000000000002B /* ElectronAccessibilityBridge.swift */,
			);
			path = Electron;
			sourceTree = "<group>";
		};
		G10000000000000000000027 /* Execution */ = {
			isa = PBXGroup;
			children = (
				F1000000000000000000002C /* AdapterCommandExecutors.swift */,
			);
			path = Execution;
			sourceTree = "<group>";
		};
		G10000000000000000000028 /* WeChat */ = {
			isa = PBXGroup;
			children = (
				F1000000000000000000002D /* WeChatApplicationAdapter.swift */,
			);
			path = WeChat;
			sourceTree = "<group>";
		};
		G10000000000000000000029 /* Lark */ = {
			isa = PBXGroup;
			children = (
				F1000000000000000000002E /* LarkApplicationAdapter.swift */,
			);
			path = Lark;
			sourceTree = "<group>";
		};
		G1000000000000000000002A /* Telegram */ = {
			isa = PBXGroup;
			children = (
				F1000000000000000000002F /* TelegramApplicationAdapter.swift */,
			);
			path = Telegram;
			sourceTree = "<group>";
		};
		G1000000000000000000002B /* ApplicationIntegration */ = {
			isa = PBXGroup;
			children = (
				F10000000000000000000032 /* ApplicationAdapterTests.swift */,
				F1000000000000000000003C /* CapabilityArchitectureTests.swift */,
			);
			path = ApplicationIntegration;
			sourceTree = "<group>";
		};
		G1000000000000000000002C /* Codex */ = {
			isa = PBXGroup;
			children = (
				F10000000000000000000033 /* CodexApplicationAdapter.swift */,
			);
			path = Codex;
			sourceTree = "<group>";
		};
		G1000000000000000000002D /* Model */ = {
			isa = PBXGroup;
			children = (
				F10000000000000000000027 /* AdapterEnvironment.swift */,
				F10000000000000000000034 /* ApplicationFingerprint.swift */,
				F10000000000000000000035 /* CapabilityReport.swift */,
				F1000000000000000000002A /* EditorTarget.swift */,
			);
			path = Model;
			sourceTree = "<group>";
		};
		G1000000000000000000002E /* Capabilities */ = {
			isa = PBXGroup;
			children = (
				F10000000000000000000028 /* AdapterCapabilities.swift */,
				F10000000000000000000025 /* ApplicationAdapter.swift */,
			);
			path = Capabilities;
			sourceTree = "<group>";
		};
		G1000000000000000000002F /* Planning */ = {
			isa = PBXGroup;
			children = (
				F10000000000000000000038 /* CapabilityPlanner.swift */,
			);
			path = Planning;
			sourceTree = "<group>";
		};
		G10000000000000000000030 /* Probing */ = {
			isa = PBXGroup;
			children = (
				F10000000000000000000037 /* AXCapabilityProbe.swift */,
				F10000000000000000000036 /* ApplicationCapabilityProbe.swift */,
			);
			path = Probing;
			sourceTree = "<group>";
		};
		G10000000000000000000031 /* Runtime */ = {
			isa = PBXGroup;
			children = (
				F1000000000000000000003A /* ApplicationIntegrationRuntime.swift */,
				F10000000000000000000029 /* ApplicationAdapterRegistry.swift */,
				F10000000000000000000039 /* CapabilityReportCache.swift */,
			);
			path = Runtime;
			sourceTree = "<group>";
		};
		G10000000000000000000035 /* CompatibilityLab */ = {
			isa = PBXGroup;
			children = (
				F10000000000000000000003 /* AXSnapshot.swift */,
				F1000000000000000000003B /* CompatibilityArtifact.swift */,
				F10000000000000000000002 /* CompatibilityLabWindowController.swift */,
			);
			path = CompatibilityLab;
			sourceTree = "<group>";
		};
/* End PBXGroup section */

/* Begin PBXNativeTarget section */
		T10000000000000000000001 /* OmniVim */ = {
			isa = PBXNativeTarget;
			buildConfigurationList = CL10000000000000000000002 /* Build configuration list for PBXNativeTarget "OmniVim" */;
			buildPhases = (
				PH1000000000000000000001 /* Sources */,
				PH1000000000000000000002 /* Frameworks */,
				PH1000000000000000000003 /* Resources */,
			);
			buildRules = (
			);
			dependencies = (
			);
			name = OmniVim;
			productName = OmniVim;
			productReference = F1000000000000000000000B /* OmniVim.app */;
			productType = "com.apple.product-type.application";
		};
		T10000000000000000000002 /* OmniVimTests */ = {
			isa = PBXNativeTarget;
			buildConfigurationList = CL10000000000000000000003 /* Build configuration list for PBXNativeTarget "OmniVimTests" */;
			buildPhases = (
				PH1000000000000000000004 /* Sources */,
				PH1000000000000000000005 /* Frameworks */,
				PH1000000000000000000006 /* Resources */,
			);
			buildRules = (
			);
			dependencies = (
				D10000000000000000000001 /* PBXTargetDependency */,
			);
			name = OmniVimTests;
			productName = OmniVimTests;
			productReference = F1000000000000000000000C /* OmniVimTests.xctest */;
			productType = "com.apple.product-type.bundle.unit-test";
		};
/* End PBXNativeTarget section */

/* Begin PBXProject section */
		P10000000000000000000001 /* Project object */ = {
			isa = PBXProject;
			attributes = {
				BuildIndependentTargetsInParallel = 1;
				LastSwiftUpdateCheck = 2660;
				LastUpgradeCheck = 2660;
				TargetAttributes = {
					T10000000000000000000001 = {
						CreatedOnToolsVersion = 26.0;
					};
					T10000000000000000000002 = {
						CreatedOnToolsVersion = 26.0;
						TestTargetID = T10000000000000000000001;
					};
				};
			};
			buildConfigurationList = CL10000000000000000000001 /* Build configuration list for PBXProject "OmniVim" */;
			compatibilityVersion = "Xcode 14.0";
			developmentRegion = en;
			hasScannedForEncodings = 0;
			knownRegions = (
				en,
				Base,
			);
			mainGroup = G10000000000000000000001;
			productRefGroup = G10000000000000000000007 /* Products */;
			projectDirPath = "";
			projectRoot = "";
			targets = (
				T10000000000000000000001 /* OmniVim */,
				T10000000000000000000002 /* OmniVimTests */,
			);
		};
/* End PBXProject section */

/* Begin PBXResourcesBuildPhase section */
		PH1000000000000000000003 /* Resources */ = {
			isa = PBXResourcesBuildPhase;
			buildActionMask = 2147483647;
			files = (
				B10000000000000000000045 /* GPA_GUI_Detector.mlpackage in Resources */,
			);
			runOnlyForDeploymentPostprocessing = 0;
		};
		PH1000000000000000000006 /* Resources */ = {
			isa = PBXResourcesBuildPhase;
			buildActionMask = 2147483647;
			files = (
				B1000000000000000000000A /* system-settings-sidebar.json in Resources */,
			);
			runOnlyForDeploymentPostprocessing = 0;
		};
/* End PBXResourcesBuildPhase section */

/* Begin PBXSourcesBuildPhase section */
		PH1000000000000000000001 /* Sources */ = {
			isa = PBXSourcesBuildPhase;
			buildActionMask = 2147483647;
			files = (
				B10000000000000000000001 /* AccessibilityScanner.swift in Sources */,
				B10000000000000000000002 /* CompatibilityLabWindowController.swift in Sources */,
				B10000000000000000000003 /* AXSnapshot.swift in Sources */,
				B10000000000000000000004 /* FocusDetector.swift in Sources */,
				B10000000000000000000005 /* HintEngine.swift in Sources */,
				B10000000000000000000006 /* HintOverlayController.swift in Sources */,
				B10000000000000000000007 /* OmniVimMain.swift in Sources */,
				B10000000000000000000010 /* AXService.swift in Sources */,
				B10000000000000000000011 /* ElementActivator.swift in Sources */,
				B10000000000000000000012 /* InteractionState.swift in Sources */,
				B10000000000000000000013 /* OmniVimAppDelegate.swift in Sources */,
				B10000000000000000000014 /* OmniVimCoordinator.swift in Sources */,
				B10000000000000000000015 /* DiagnosticLogger.swift in Sources */,
				B10000000000000000000016 /* GlobalKeyMonitor.swift in Sources */,
				B10000000000000000000017 /* InputSynthesizer.swift in Sources */,
				B10000000000000000000018 /* KeyPress.swift in Sources */,
				B10000000000000000000019 /* HintOverlayViews.swift in Sources */,
				B10000000000000000000041 /* HintOverlayPreferences.swift in Sources */,
				B1000000000000000000001A /* ModeIndicatorController.swift in Sources */,
				B1000000000000000000001D /* ActivationAttempt.swift in Sources */,
				B1000000000000000000001E /* OrderedKeyChord.swift in Sources */,
				B1000000000000000000001F /* VimEngine.swift in Sources */,
				B10000000000000000000020 /* SyntheticVimCommandExecutor.swift in Sources */,
				B10000000000000000000021 /* TerminalVimCommandExecutor.swift in Sources */,
				B10000000000000000000022 /* TerminalSessionResolver.swift in Sources */,
				B10000000000000000000023 /* ReadlineTUIVimCommandExecutor.swift in Sources */,
				B10000000000000000000024 /* ModeMotionLabWindowController.swift in Sources */,
				B10000000000000000000025 /* ApplicationAdapter.swift in Sources */,
				B10000000000000000000026 /* AXEditorResolver.swift in Sources */,
				B10000000000000000000027 /* AdapterEnvironment.swift in Sources */,
				B10000000000000000000028 /* AdapterCapabilities.swift in Sources */,
				B10000000000000000000029 /* ApplicationAdapterRegistry.swift in Sources */,
				B1000000000000000000002A /* EditorTarget.swift in Sources */,
				B1000000000000000000002B /* ElectronAccessibilityBridge.swift in Sources */,
				B1000000000000000000002C /* AdapterCommandExecutors.swift in Sources */,
				B1000000000000000000002D /* WeChatApplicationAdapter.swift in Sources */,
				B1000000000000000000002E /* LarkApplicationAdapter.swift in Sources */,
				B1000000000000000000002F /* TelegramApplicationAdapter.swift in Sources */,
				B10000000000000000000030 /* TerminalApplicationAdapter.swift in Sources */,
				B10000000000000000000031 /* GenericAXApplicationAdapter.swift in Sources */,
				B10000000000000000000033 /* CodexApplicationAdapter.swift in Sources */,
				B10000000000000000000034 /* ApplicationFingerprint.swift in Sources */,
				B10000000000000000000035 /* CapabilityReport.swift in Sources */,
				B10000000000000000000036 /* ApplicationCapabilityProbe.swift in Sources */,
				B10000000000000000000037 /* AXCapabilityProbe.swift in Sources */,
				B10000000000000000000038 /* CapabilityPlanner.swift in Sources */,
				B10000000000000000000039 /* CapabilityReportCache.swift in Sources */,
				B1000000000000000000003A /* ApplicationIntegrationRuntime.swift in Sources */,
				B1000000000000000000003B /* CompatibilityArtifact.swift in Sources */,
				B1000000000000000000003D /* AXHitTestHintProvider.swift in Sources */,
				B10000000000000000000040 /* GPAElementDetector.swift in Sources */,
				B10000000000000000000042 /* GPAHintProvider.swift in Sources */,
				B10000000000000000000043 /* UIElementHint.swift in Sources */,
				B10000000000000000000044 /* VimMode.swift in Sources */,
			);
			runOnlyForDeploymentPostprocessing = 0;
		};
		PH1000000000000000000004 /* Sources */ = {
			isa = PBXSourcesBuildPhase;
			buildActionMask = 2147483647;
			files = (
				B10000000000000000000008 /* HintEngineTests.swift in Sources */,
				B1000000000000000000001B /* ElementActivatorStrategyTests.swift in Sources */,
				B1000000000000000000001C /* InteractionStateTests.swift in Sources */,
				B10000000000000000000032 /* ApplicationAdapterTests.swift in Sources */,
				B1000000000000000000003C /* CapabilityArchitectureTests.swift in Sources */,
			);
			runOnlyForDeploymentPostprocessing = 0;
		};
/* End PBXSourcesBuildPhase section */

/* Begin PBXTargetDependency section */
		D10000000000000000000001 /* PBXTargetDependency */ = {
			isa = PBXTargetDependency;
			target = T10000000000000000000001 /* OmniVim */;
			targetProxy = C10000000000000000000001 /* PBXContainerItemProxy */;
		};
/* End PBXTargetDependency section */

/* Begin XCBuildConfiguration section */
		BC10000000000000000000001 /* Debug */ = {
			isa = XCBuildConfiguration;
			buildSettings = {
				CLANG_ENABLE_MODULES = YES;
				MACOSX_DEPLOYMENT_TARGET = 13.0;
				SDKROOT = macosx;
				SWIFT_VERSION = 6.0;
			};
			name = Debug;
		};
		BC10000000000000000000002 /* Release */ = {
			isa = XCBuildConfiguration;
			buildSettings = {
				CLANG_ENABLE_MODULES = YES;
				MACOSX_DEPLOYMENT_TARGET = 13.0;
				SDKROOT = macosx;
				SWIFT_COMPILATION_MODE = wholemodule;
				SWIFT_OPTIMIZATION_LEVEL = "-O";
				SWIFT_VERSION = 6.0;
			};
			name = Release;
		};
		BC10000000000000000000003 /* Debug */ = {
			isa = XCBuildConfiguration;
			buildSettings = {
				CODE_SIGN_IDENTITY = "Apple Development";
				CODE_SIGN_STYLE = Automatic;
				CURRENT_PROJECT_VERSION = 1;
				DEBUG_INFORMATION_FORMAT = dwarf;
				DEVELOPMENT_TEAM = 7W9NSL3GJ9;
				ENABLE_HARDENED_RUNTIME = NO;
				ENABLE_TESTABILITY = YES;
				GENERATE_INFOPLIST_FILE = NO;
				INFOPLIST_FILE = Resources/Info.plist;
				LD_RUNPATH_SEARCH_PATHS = (
					"$(inherited)",
					"@executable_path/../Frameworks",
				);
				MARKETING_VERSION = 0.1.0;
				ONLY_ACTIVE_ARCH = YES;
				PRODUCT_BUNDLE_IDENTIFIER = com.omnivim.app;
				PRODUCT_NAME = "$(TARGET_NAME)";
				PROVISIONING_PROFILE_SPECIFIER = "";
				SWIFT_ACTIVE_COMPILATION_CONDITIONS = DEBUG;
				SWIFT_OPTIMIZATION_LEVEL = "-Onone";
				SWIFT_VERSION = 6.0;
			};
			name = Debug;
		};
		BC10000000000000000000004 /* Release */ = {
			isa = XCBuildConfiguration;
			buildSettings = {
				CODE_SIGN_IDENTITY = "Apple Development";
				CODE_SIGN_STYLE = Automatic;
				CURRENT_PROJECT_VERSION = 1;
				DEVELOPMENT_TEAM = 7W9NSL3GJ9;
				ENABLE_HARDENED_RUNTIME = NO;
				GENERATE_INFOPLIST_FILE = NO;
				INFOPLIST_FILE = Resources/Info.plist;
				LD_RUNPATH_SEARCH_PATHS = (
					"$(inherited)",
					"@executable_path/../Frameworks",
				);
				MARKETING_VERSION = 0.1.0;
				PRODUCT_BUNDLE_IDENTIFIER = com.omnivim.app;
				PRODUCT_NAME = "$(TARGET_NAME)";
				PROVISIONING_PROFILE_SPECIFIER = "";
				SWIFT_VERSION = 6.0;
			};
			name = Release;
		};
		BC10000000000000000000005 /* Debug */ = {
			isa = XCBuildConfiguration;
			buildSettings = {
				BUNDLE_LOADER = "$(TEST_HOST)";
				CODE_SIGN_IDENTITY = "-";
				CODE_SIGN_STYLE = Manual;
				GENERATE_INFOPLIST_FILE = YES;
				MACOSX_DEPLOYMENT_TARGET = 14.0;
				ONLY_ACTIVE_ARCH = YES;
				PRODUCT_BUNDLE_IDENTIFIER = com.omnivim.tests;
				PRODUCT_NAME = "$(TARGET_NAME)";
				SWIFT_OPTIMIZATION_LEVEL = "-Onone";
				SWIFT_VERSION = 6.0;
				TEST_HOST = "$(BUILT_PRODUCTS_DIR)/OmniVim.app/Contents/MacOS/OmniVim";
			};
			name = Debug;
		};
		BC10000000000000000000006 /* Release */ = {
			isa = XCBuildConfiguration;
			buildSettings = {
				BUNDLE_LOADER = "$(TEST_HOST)";
				CODE_SIGN_IDENTITY = "-";
				CODE_SIGN_STYLE = Manual;
				GENERATE_INFOPLIST_FILE = YES;
				MACOSX_DEPLOYMENT_TARGET = 13.0;
				PRODUCT_BUNDLE_IDENTIFIER = com.omnivim.tests;
				PRODUCT_NAME = "$(TARGET_NAME)";
				SWIFT_VERSION = 6.0;
				TEST_HOST = "$(BUILT_PRODUCTS_DIR)/OmniVim.app/Contents/MacOS/OmniVim";
			};
			name = Release;
		};
/* End XCBuildConfiguration section */

/* Begin XCConfigurationList section */
		CL10000000000000000000001 /* Build configuration list for PBXProject "OmniVim" */ = {
			isa = XCConfigurationList;
			buildConfigurations = (
				BC10000000000000000000001 /* Debug */,
				BC10000000000000000000002 /* Release */,
			);
			defaultConfigurationIsVisible = 0;
			defaultConfigurationName = Release;
		};
		CL10000000000000000000002 /* Build configuration list for PBXNativeTarget "OmniVim" */ = {
			isa = XCConfigurationList;
			buildConfigurations = (
				BC10000000000000000000003 /* Debug */,
				BC10000000000000000000004 /* Release */,
			);
			defaultConfigurationIsVisible = 0;
			defaultConfigurationName = Release;
		};
		CL10000000000000000000003 /* Build configuration list for PBXNativeTarget "OmniVimTests" */ = {
			isa = XCConfigurationList;
			buildConfigurations = (
				BC10000000000000000000005 /* Debug */,
				BC10000000000000000000006 /* Release */,
			);
			defaultConfigurationIsVisible = 0;
			defaultConfigurationName = Release;
		};
/* End XCConfigurationList section */
	};
	rootObject = P10000000000000000000001 /* Project object */;
}
